
Microsoft Visual Studio Solution File, Format Version 12.00
# Visual Studio Version 16
VisualStudioVersion = 16.0.29709.97
MinimumVisualStudioVersion = 10.0.40219.1
Project("{9A19103F-16F7-4668-BE54-9A1E7A4F7556}") = "FloraBot", "FloraBot\FloraBot.csproj", "{2F5C80C5-2BD9-4603-8F1C-8FBFD95B3286}"
EndProject
Project("{9A19103F-16F7-4668-BE54-9A1E7A4F7556}") = "IoTConsumer", "IoTConsumer\IoTConsumer.csproj", "{EA909248-A560-4987-BFA8-1A6AADF1BF5C}"
EndProject
Global
	GlobalSection(SolutionConfigurationPlatforms) = preSolution
		Debug|Any CPU = Debug|Any CPU
		Release|Any CPU = Release|Any CPU
	EndGlobalSection
	GlobalSection(ProjectConfigurationPlatforms) = postSolution
		{2F5C80C5-2BD9-4603-8F1C-8FBFD95B3286}.Debug|Any CPU.ActiveCfg = Debug|Any CPU
		{2F5C80C5-2BD9-4603-8F1C-8FBFD95B3286}.Debug|Any CPU.Build.0 = Debug|Any CPU
		{2F5C80C5-2BD9-4603-8F1C-8FBFD95B3286}.Release|Any CPU.ActiveCfg = Release|Any CPU
		{2F5C80C5-2BD9-4603-8F1C-8FBFD95B3286}.Release|Any CPU.Build.0 = Release|Any CPU
		{EA909248-A560-4987-BFA8-1A6AADF1BF5C}.Debug|Any CPU.ActiveCfg = Debug|Any CPU
		{EA909248-A560-4987-BFA8-1A6AADF1BF5C}.Debug|Any CPU.Build.0 = Debug|Any CPU
		{EA909248-A560-4987-BFA8-1A6AADF1BF5C}.Release|Any CPU.ActiveCfg = Release|Any CPU
		{EA909248-A560-4987-BFA8-1A6AADF1BF5C}.Release|Any CPU.Build.0 = Release|Any CPU
	EndGlobalSection
	GlobalSection(SolutionProperties) = preSolution
		HideSolutionNode = FALSE
	EndGlobalSection
	GlobalSection(ExtensibilityGlobals) = postSolution
		SolutionGuid = {AA4985DF-B4D3-4EE0-95A9-76D9EC4690AC}
	EndGlobalSection
EndGlobal
